
Microsoft Visual Studio Solution File, Format Version 12.00
# Visual Studio Version 17
VisualStudioVersion = 17.0.32014.148
MinimumVisualStudioVersion = 10.0.40219.1
Project("{FAE04EC0-301F-11D3-BF4B-00C04F79EFBC}") = "MobiFrec", "PruebaPuertoSerie\MobiFrec.csproj", "{7544F582-B912-4E29-81B1-4AD84585C5EB}"
EndProject
Project("{FAE04EC0-301F-11D3-BF4B-00C04F79EFBC}") = "PuertoSerie", "..\PuertoSerie\PuertoSerie.csproj", "{9806B283-7C67-4FBC-92F1-71BE5314B5B5}"
EndProject
Global
	GlobalSection(SolutionConfigurationPlatforms) = preSolution
		Debug|Any CPU = Debug|Any CPU
		Debug|x86 = Debug|x86
		Release|Any CPU = Release|Any CPU
		Release|x86 = Release|x86
	EndGlobalSection
	GlobalSection(ProjectConfigurationPlatforms) = postSolution
		{7544F582-B912-4E29-81B1-4AD84585C5EB}.Debug|Any CPU.ActiveCfg = Debug|Any CPU
		{7544F582-B912-4E29-81B1-4AD84585C5EB}.Debug|Any CPU.Build.0 = Debug|Any CPU
		{7544F582-B912-4E29-81B1-4AD84585C5EB}.Debug|x86.ActiveCfg = Debug|Any CPU
		{7544F582-B912-4E29-81B1-4AD84585C5EB}.Debug|x86.Build.0 = Debug|Any CPU
		{7544F582-B912-4E29-81B1-4AD84585C5EB}.Release|Any CPU.ActiveCfg = Release|Any CPU
		{7544F582-B912-4E29-81B1-4AD84585C5EB}.Release|Any CPU.Build.0 = Release|Any CPU
		{7544F582-B912-4E29-81B1-4AD84585C5EB}.Release|x86.ActiveCfg = Release|Any CPU
		{7544F582-B912-4E29-81B1-4AD84585C5EB}.Release|x86.Build.0 = Release|Any CPU
		{9806B283-7C67-4FBC-92F1-71BE5314B5B5}.Debug|Any CPU.ActiveCfg = Debug|Any CPU
		{9806B283-7C67-4FBC-92F1-71BE5314B5B5}.Debug|Any CPU.Build.0 = Debug|Any CPU
		{9806B283-7C67-4FBC-92F1-71BE5314B5B5}.Debug|x86.ActiveCfg = Debug|x86
		{9806B283-7C67-4FBC-92F1-71BE5314B5B5}.Debug|x86.Build.0 = Debug|x86
		{9806B283-7C67-4FBC-92F1-71BE5314B5B5}.Release|Any CPU.ActiveCfg = Release|Any CPU
		{9806B283-7C67-4FBC-92F1-71BE5314B5B5}.Release|Any CPU.Build.0 = Release|Any CPU
		{9806B283-7C67-4FBC-92F1-71BE5314B5B5}.Release|x86.ActiveCfg = Release|x86
		{9806B283-7C67-4FBC-92F1-71BE5314B5B5}.Release|x86.Build.0 = Release|x86
	EndGlobalSection
	GlobalSection(SolutionProperties) = preSolution
		HideSolutionNode = FALSE
	EndGlobalSection
	GlobalSection(ExtensibilityGlobals) = postSolution
		SolutionGuid = {F41E4343-F436-462B-93AE-626DF324BC00}
	EndGlobalSection
EndGlobal
